
Microsoft Visual Studio Solution File, Format Version 12.00
# Visual Studio Version 16
VisualStudioVersion = 16.0.29519.181
MinimumVisualStudioVersion = 10.0.40219.1
Project("{9A19103F-16F7-4668-BE54-9A1E7A4F7556}") = "HX.Rider.API", "HX.Rider.API\HX.Rider.API.csproj", "{50AC0829-4869-46DF-801D-B67C025F42AB}"
EndProject
Project("{9A19103F-16F7-4668-BE54-9A1E7A4F7556}") = "HX.Rider.IService", "HX.Rider.IService\HX.Rider.IService.csproj", "{1FC7AA9B-0088-4BDA-B3CB-2D9E2398E8F2}"
EndProject
Project("{9A19103F-16F7-4668-BE54-9A1E7A4F7556}") = "HX.Rider.Service", "HX.Rider.Service\HX.Rider.Service.csproj", "{C993F527-8FD7-4DF6-82F4-7679F5B960D0}"
EndProject
Project("{2150E333-8FDC-42A3-9474-1A3956D46DE8}") = "Tests", "Tests", "{51AAB223-9EFF-4FED-9E64-5DC68DD88456}"
EndProject
Project("{9A19103F-16F7-4668-BE54-9A1E7A4F7556}") = "HX.Rider.APITests", "HX.Rider.APITests\HX.Rider.APITests.csproj", "{FF67FBC5-E488-4C06-B087-2A21719E50CC}"
EndProject
Project("{2150E333-8FDC-42A3-9474-1A3956D46DE8}") = "Service", "Service", "{D9E5E084-4427-4E22-BB05-6B4491C15E55}"
EndProject
Project("{2150E333-8FDC-42A3-9474-1A3956D46DE8}") = "Repository", "Repository", "{BE0123A4-584A-4F62-BDE6-3659BE6807BB}"
EndProject
Project("{FAE04EC0-301F-11D3-BF4B-00C04F79EFBC}") = "HX.Rider.IRepository", "HX.Rider.IRepository\HX.Rider.IRepository.csproj", "{F41B16E9-3D2F-4AE8-96F5-89DDBD943A97}"
EndProject
Project("{FAE04EC0-301F-11D3-BF4B-00C04F79EFBC}") = "HX.Rider.Repository", "HX.Rider.Repository\HX.Rider.Repository.csproj", "{4D96343E-C8A1-486C-B65B-B6052CF8D8A9}"
EndProject
Project("{2150E333-8FDC-42A3-9474-1A3956D46DE8}") = "Infrastructure", "Infrastructure", "{EC71640B-BB5F-4806-84B7-A5657D06644C}"
EndProject
Project("{FAE04EC0-301F-11D3-BF4B-00C04F79EFBC}") = "HX.Rider.Common", "HX.Rider.Common\HX.Rider.Common.csproj", "{037843B3-7E98-43F5-9297-E2C837D2D820}"
EndProject
Project("{FAE04EC0-301F-11D3-BF4B-00C04F79EFBC}") = "HX.Rider.Exception", "HX.Rider.Exception\HX.Rider.Exception.csproj", "{41BFCB48-0CF2-4B79-999B-1C9B3416D36B}"
EndProject
Project("{2150E333-8FDC-42A3-9474-1A3956D46DE8}") = "Model", "Model", "{7DFBBF65-BEA0-496D-AE4B-D4613DE4881A}"
EndProject
Project("{FAE04EC0-301F-11D3-BF4B-00C04F79EFBC}") = "HX.Rider.Entity", "HX.Rider.Entity\HX.Rider.Entity.csproj", "{AAB868F8-BD64-4073-BDED-74BA95BBBC74}"
EndProject
Project("{9A19103F-16F7-4668-BE54-9A1E7A4F7556}") = "HX.Rider.Model", "HX.Rider.Model\HX.Rider.Model.csproj", "{5FF6DA4D-C237-4A83-9C3E-1876D77F3D7B}"
EndProject
Global
	GlobalSection(SolutionConfigurationPlatforms) = preSolution
		Debug|Any CPU = Debug|Any CPU
		Release|Any CPU = Release|Any CPU
	EndGlobalSection
	GlobalSection(ProjectConfigurationPlatforms) = postSolution
		{50AC0829-4869-46DF-801D-B67C025F42AB}.Debug|Any CPU.ActiveCfg = Debug|Any CPU
		{50AC0829-4869-46DF-801D-B67C025F42AB}.Debug|Any CPU.Build.0 = Debug|Any CPU
		{50AC0829-4869-46DF-801D-B67C025F42AB}.Release|Any CPU.ActiveCfg = Release|Any CPU
		{50AC0829-4869-46DF-801D-B67C025F42AB}.Release|Any CPU.Build.0 = Release|Any CPU
		{1FC7AA9B-0088-4BDA-B3CB-2D9E2398E8F2}.Debug|Any CPU.ActiveCfg = Debug|Any CPU
		{1FC7AA9B-0088-4BDA-B3CB-2D9E2398E8F2}.Debug|Any CPU.Build.0 = Debug|Any CPU
		{1FC7AA9B-0088-4BDA-B3CB-2D9E2398E8F2}.Release|Any CPU.ActiveCfg = Release|Any CPU
		{1FC7AA9B-0088-4BDA-B3CB-2D9E2398E8F2}.Release|Any CPU.Build.0 = Release|Any CPU
		{C993F527-8FD7-4DF6-82F4-7679F5B960D0}.Debug|Any CPU.ActiveCfg = Debug|Any CPU
		{C993F527-8FD7-4DF6-82F4-7679F5B960D0}.Debug|Any CPU.Build.0 = Debug|Any CPU
		{C993F527-8FD7-4DF6-82F4-7679F5B960D0}.Release|Any CPU.ActiveCfg = Release|Any CPU
		{C993F527-8FD7-4DF6-82F4-7679F5B960D0}.Release|Any CPU.Build.0 = Release|Any CPU
		{FF67FBC5-E488-4C06-B087-2A21719E50CC}.Debug|Any CPU.ActiveCfg = Debug|Any CPU
		{FF67FBC5-E488-4C06-B087-2A21719E50CC}.Debug|Any CPU.Build.0 = Debug|Any CPU
		{FF67FBC5-E488-4C06-B087-2A21719E50CC}.Release|Any CPU.ActiveCfg = Release|Any CPU
		{FF67FBC5-E488-4C06-B087-2A21719E50CC}.Release|Any CPU.Build.0 = Release|Any CPU
		{F41B16E9-3D2F-4AE8-96F5-89DDBD943A97}.Debug|Any CPU.ActiveCfg = Debug|Any CPU
		{F41B16E9-3D2F-4AE8-96F5-89DDBD943A97}.Debug|Any CPU.Build.0 = Debug|Any CPU
		{F41B16E9-3D2F-4AE8-96F5-89DDBD943A97}.Release|Any CPU.ActiveCfg = Release|Any CPU
		{F41B16E9-3D2F-4AE8-96F5-89DDBD943A97}.Release|Any CPU.Build.0 = Release|Any CPU
		{4D96343E-C8A1-486C-B65B-B6052CF8D8A9}.Debug|Any CPU.ActiveCfg = Debug|Any CPU
		{4D96343E-C8A1-486C-B65B-B6052CF8D8A9}.Debug|Any CPU.Build.0 = Debug|Any CPU
		{4D96343E-C8A1-486C-B65B-B6052CF8D8A9}.Release|Any CPU.ActiveCfg = Release|Any CPU
		{4D96343E-C8A1-486C-B65B-B6052CF8D8A9}.Release|Any CPU.Build.0 = Release|Any CPU
		{037843B3-7E98-43F5-9297-E2C837D2D820}.Debug|Any CPU.ActiveCfg = Debug|Any CPU
		{037843B3-7E98-43F5-9297-E2C837D2D820}.Debug|Any CPU.Build.0 = Debug|Any CPU
		{037843B3-7E98-43F5-9297-E2C837D2D820}.Release|Any CPU.ActiveCfg = Release|Any CPU
		{037843B3-7E98-43F5-9297-E2C837D2D820}.Release|Any CPU.Build.0 = Release|Any CPU
		{41BFCB48-0CF2-4B79-999B-1C9B3416D36B}.Debug|Any CPU.ActiveCfg = Debug|Any CPU
		{41BFCB48-0CF2-4B79-999B-1C9B3416D36B}.Debug|Any CPU.Build.0 = Debug|Any CPU
		{41BFCB48-0CF2-4B79-999B-1C9B3416D36B}.Release|Any CPU.ActiveCfg = Release|Any CPU
		{41BFCB48-0CF2-4B79-999B-1C9B3416D36B}.Release|Any CPU.Build.0 = Release|Any CPU
		{AAB868F8-BD64-4073-BDED-74BA95BBBC74}.Debug|Any CPU.ActiveCfg = Debug|Any CPU
		{AAB868F8-BD64-4073-BDED-74BA95BBBC74}.Debug|Any CPU.Build.0 = Debug|Any CPU
		{AAB868F8-BD64-4073-BDED-74BA95BBBC74}.Release|Any CPU.ActiveCfg = Release|Any CPU
		{AAB868F8-BD64-4073-BDED-74BA95BBBC74}.Release|Any CPU.Build.0 = Release|Any CPU
		{5FF6DA4D-C237-4A83-9C3E-1876D77F3D7B}.Debug|Any CPU.ActiveCfg = Debug|Any CPU
		{5FF6DA4D-C237-4A83-9C3E-1876D77F3D7B}.Debug|Any CPU.Build.0 = Debug|Any CPU
		{5FF6DA4D-C237-4A83-9C3E-1876D77F3D7B}.Release|Any CPU.ActiveCfg = Release|Any CPU
		{5FF6DA4D-C237-4A83-9C3E-1876D77F3D7B}.Release|Any CPU.Build.0 = Release|Any CPU
	EndGlobalSection
	GlobalSection(SolutionProperties) = preSolution
		HideSolutionNode = FALSE
	EndGlobalSection
	GlobalSection(NestedProjects) = preSolution
		{1FC7AA9B-0088-4BDA-B3CB-2D9E2398E8F2} = {D9E5E084-4427-4E22-BB05-6B4491C15E55}
		{C993F527-8FD7-4DF6-82F4-7679F5B960D0} = {D9E5E084-4427-4E22-BB05-6B4491C15E55}
		{FF67FBC5-E488-4C06-B087-2A21719E50CC} = {51AAB223-9EFF-4FED-9E64-5DC68DD88456}
		{F41B16E9-3D2F-4AE8-96F5-89DDBD943A97} = {BE0123A4-584A-4F62-BDE6-3659BE6807BB}
		{4D96343E-C8A1-486C-B65B-B6052CF8D8A9} = {BE0123A4-584A-4F62-BDE6-3659BE6807BB}
		{037843B3-7E98-43F5-9297-E2C837D2D820} = {EC71640B-BB5F-4806-84B7-A5657D06644C}
		{41BFCB48-0CF2-4B79-999B-1C9B3416D36B} = {EC71640B-BB5F-4806-84B7-A5657D06644C}
		{AAB868F8-BD64-4073-BDED-74BA95BBBC74} = {7DFBBF65-BEA0-496D-AE4B-D4613DE4881A}
		{5FF6DA4D-C237-4A83-9C3E-1876D77F3D7B} = {7DFBBF65-BEA0-496D-AE4B-D4613DE4881A}
	EndGlobalSection
	GlobalSection(ExtensibilityGlobals) = postSolution
		SolutionGuid = {AE96F425-13AA-436C-B3F2-E3D69E0597A3}
	EndGlobalSection
EndGlobal
